
Microsoft Visual Studio Solution File, Format Version 12.00
# Visual Studio 15
VisualStudioVersion = 15.0.27703.2018
MinimumVisualStudioVersion = 10.0.40219.1
Project("{FAE04EC0-301F-11D3-BF4B-00C04F79EFBC}") = "Kooli_App.Android", "Kooli_App\Kooli_App.Android\Kooli_App.Android.csproj", "{F36AAC05-4C0A-4412-90BF-B97F6E40E93B}"
EndProject
Project("{FAE04EC0-301F-11D3-BF4B-00C04F79EFBC}") = "Kooli_App.iOS", "Kooli_App\Kooli_App.iOS\Kooli_App.iOS.csproj", "{F1C7C8E6-17BD-42AB-9F03-494415FF6B4A}"
EndProject
Project("{FAE04EC0-301F-11D3-BF4B-00C04F79EFBC}") = "Kooli_App.UWP", "Kooli_App\Kooli_App.UWP\Kooli_App.UWP.csproj", "{5D9BC75C-30B1-4B7D-ACAA-BCB005B77932}"
EndProject
Project("{FAE04EC0-301F-11D3-BF4B-00C04F79EFBC}") = "Kooli_App", "Kooli_App\Kooli_App\Kooli_App.csproj", "{AD7DA9EA-5356-4A89-85DA-73AEA0ACC9E6}"
EndProject
Global
	GlobalSection(SolutionConfigurationPlatforms) = preSolution
		Ad-Hoc|Any CPU = Ad-Hoc|Any CPU
		Ad-Hoc|ARM = Ad-Hoc|ARM
		Ad-Hoc|iPhone = Ad-Hoc|iPhone
		Ad-Hoc|iPhoneSimulator = Ad-Hoc|iPhoneSimulator
		Ad-Hoc|x64 = Ad-Hoc|x64
		Ad-Hoc|x86 = Ad-Hoc|x86
		AppStore|Any CPU = AppStore|Any CPU
		AppStore|ARM = AppStore|ARM
		AppStore|iPhone = AppStore|iPhone
		AppStore|iPhoneSimulator = AppStore|iPhoneSimulator
		AppStore|x64 = AppStore|x64
		AppStore|x86 = AppStore|x86
		Debug|Any CPU = Debug|Any CPU
		Debug|ARM = Debug|ARM
		Debug|iPhone = Debug|iPhone
		Debug|iPhoneSimulator = Debug|iPhoneSimulator
		Debug|x64 = Debug|x64
		Debug|x86 = Debug|x86
		Release|Any CPU = Release|Any CPU
		Release|ARM = Release|ARM
		Release|iPhone = Release|iPhone
		Release|iPhoneSimulator = Release|iPhoneSimulator
		Release|x64 = Release|x64
		Release|x86 = Release|x86
	EndGlobalSection
	GlobalSection(ProjectConfigurationPlatforms) = postSolution
		{F36AAC05-4C0A-4412-90BF-B97F6E40E93B}.Ad-Hoc|Any CPU.ActiveCfg = Release|Any CPU
		{F36AAC05-4C0A-4412-90BF-B97F6E40E93B}.Ad-Hoc|Any CPU.Build.0 = Release|Any CPU
		{F36AAC05-4C0A-4412-90BF-B97F6E40E93B}.Ad-Hoc|Any CPU.Deploy.0 = Release|Any CPU
		{F36AAC05-4C0A-4412-90BF-B97F6E40E93B}.Ad-Hoc|ARM.ActiveCfg = Release|Any CPU
		{F36AAC05-4C0A-4412-90BF-B97F6E40E93B}.Ad-Hoc|ARM.Build.0 = Release|Any CPU
		{F36AAC05-4C0A-4412-90BF-B97F6E40E93B}.Ad-Hoc|ARM.Deploy.0 = Release|Any CPU
		{F36AAC05-4C0A-4412-90BF-B97F6E40E93B}.Ad-Hoc|iPhone.ActiveCfg = Release|Any CPU
		{F36AAC05-4C0A-4412-90BF-B97F6E40E93B}.Ad-Hoc|iPhone.Build.0 = Release|Any CPU
		{F36AAC05-4C0A-4412-90BF-B97F6E40E93B}.Ad-Hoc|iPhone.Deploy.0 = Release|Any CPU
		{F36AAC05-4C0A-4412-90BF-B97F6E40E93B}.Ad-Hoc|iPhoneSimulator.ActiveCfg = Release|Any CPU
		{F36AAC05-4C0A-4412-90BF-B97F6E40E93B}.Ad-Hoc|iPhoneSimulator.Build.0 = Release|Any CPU
		{F36AAC05-4C0A-4412-90BF-B97F6E40E93B}.Ad-Hoc|iPhoneSimulator.Deploy.0 = Release|Any CPU
		{F36AAC05-4C0A-4412-90BF-B97F6E40E93B}.Ad-Hoc|x64.ActiveCfg = Release|Any CPU
		{F36AAC05-4C0A-4412-90BF-B97F6E40E93B}.Ad-Hoc|x64.Build.0 = Release|Any CPU
		{F36AAC05-4C0A-4412-90BF-B97F6E40E93B}.Ad-Hoc|x64.Deploy.0 = Release|Any CPU
		{F36AAC05-4C0A-4412-90BF-B97F6E40E93B}.Ad-Hoc|x86.ActiveCfg = Release|Any CPU
		{F36AAC05-4C0A-4412-90BF-B97F6E40E93B}.Ad-Hoc|x86.Build.0 = Release|Any CPU
		{F36AAC05-4C0A-4412-90BF-B97F6E40E93B}.Ad-Hoc|x86.Deploy.0 = Release|Any CPU
		{F36AAC05-4C0A-4412-90BF-B97F6E40E93B}.AppStore|Any CPU.ActiveCfg = Release|Any CPU
		{F36AAC05-4C0A-4412-90BF-B97F6E40E93B}.AppStore|Any CPU.Build.0 = Release|Any CPU
		{F36AAC05-4C0A-4412-90BF-B97F6E40E93B}.AppStore|Any CPU.Deploy.0 = Release|Any CPU
		{F36AAC05-4C0A-4412-90BF-B97F6E40E93B}.AppStore|ARM.ActiveCfg = Release|Any CPU
		{F36AAC05-4C0A-4412-90BF-B97F6E40E93B}.AppStore|ARM.Build.0 = Release|Any CPU
		{F36AAC05-4C0A-4412-90BF-B97F6E40E93B}.AppStore|ARM.Deploy.0 = Release|Any CPU
		{F36AAC05-4C0A-4412-90BF-B97F6E40E93B}.AppStore|iPhone.ActiveCfg = Release|Any CPU
		{F36AAC05-4C0A-4412-90BF-B97F6E40E93B}.AppStore|iPhone.Build.0 = Release|Any CPU
		{F36AAC05-4C0A-4412-90BF-B97F6E40E93B}.AppStore|iPhone.Deploy.0 = Release|Any CPU
		{F36AAC05-4C0A-4412-90BF-B97F6E40E93B}.AppStore|iPhoneSimulator.ActiveCfg = Release|Any CPU
		{F36AAC05-4C0A-4412-90BF-B97F6E40E93B}.AppStore|iPhoneSimulator.Build.0 = Release|Any CPU
		{F36AAC05-4C0A-4412-90BF-B97F6E40E93B}.AppStore|iPhoneSimulator.Deploy.0 = Release|Any CPU
		{F36AAC05-4C0A-4412-90BF-B97F6E40E93B}.AppStore|x64.ActiveCfg = Release|Any CPU
		{F36AAC05-4C0A-4412-90BF-B97F6E40E93B}.AppStore|x64.Build.0 = Release|Any CPU
		{F36AAC05-4C0A-4412-90BF-B97F6E40E93B}.AppStore|x64.Deploy.0 = Release|Any CPU
		{F36AAC05-4C0A-4412-90BF-B97F6E40E93B}.AppStore|x86.ActiveCfg = Release|Any CPU
		{F36AAC05-4C0A-4412-90BF-B97F6E40E93B}.AppStore|x86.Build.0 = Release|Any CPU
		{F36AAC05-4C0A-4412-90BF-B97F6E40E93B}.AppStore|x86.Deploy.0 = Release|Any CPU
		{F36AAC05-4C0A-4412-90BF-B97F6E40E93B}.Debug|Any CPU.ActiveCfg = Debug|Any CPU
		{F36AAC05-4C0A-4412-90BF-B97F6E40E93B}.Debug|Any CPU.Build.0 = Debug|Any CPU
		{F36AAC05-4C0A-4412-90BF-B97F6E40E93B}.Debug|Any CPU.Deploy.0 = Debug|Any CPU
		{F36AAC05-4C0A-4412-90BF-B97F6E40E93B}.Debug|ARM.ActiveCfg = Debug|Any CPU
		{F36AAC05-4C0A-4412-90BF-B97F6E40E93B}.Debug|ARM.Build.0 = Debug|Any CPU
		{F36AAC05-4C0A-4412-90BF-B97F6E40E93B}.Debug|ARM.Deploy.0 = Debug|Any CPU
		{F36AAC05-4C0A-4412-90BF-B97F6E40E93B}.Debug|iPhone.ActiveCfg = Debug|Any CPU
		{F36AAC05-4C0A-4412-90BF-B97F6E40E93B}.Debug|iPhone.Build.0 = Debug|Any CPU
		{F36AAC05-4C0A-4412-90BF-B97F6E40E93B}.Debug|iPhone.Deploy.0 = Debug|Any CPU
		{F36AAC05-4C0A-4412-90BF-B97F6E40E93B}.Debug|iPhoneSimulator.ActiveCfg = Debug|Any CPU
		{F36AAC05-4C0A-4412-90BF-B97F6E40E93B}.Debug|iPhoneSimulator.Build.0 = Debug|Any CPU
		{F36AAC05-4C0A-4412-90BF-B97F6E40E93B}.Debug|iPhoneSimulator.Deploy.0 = Debug|Any CPU
		{F36AAC05-4C0A-4412-90BF-B97F6E40E93B}.Debug|x64.ActiveCfg = Debug|Any CPU
		{F36AAC05-4C0A-4412-90BF-B97F6E40E93B}.Debug|x64.Build.0 = Debug|Any CPU
		{F36AAC05-4C0A-4412-90BF-B97F6E40E93B}.Debug|x64.Deploy.0 = Debug|Any CPU
		{F36AAC05-4C0A-4412-90BF-B97F6E40E93B}.Debug|x86.ActiveCfg = Debug|Any CPU
		{F36AAC05-4C0A-4412-90BF-B97F6E40E93B}.Debug|x86.Build.0 = Debug|Any CPU
		{F36AAC05-4C0A-4412-90BF-B97F6E40E93B}.Debug|x86.Deploy.0 = Debug|Any CPU
		{F36AAC05-4C0A-4412-90BF-B97F6E40E93B}.Release|Any CPU.ActiveCfg = Release|Any CPU
		{F36AAC05-4C0A-4412-90BF-B97F6E40E93B}.Release|Any CPU.Build.0 = Release|Any CPU
		{F36AAC05-4C0A-4412-90BF-B97F6E40E93B}.Release|Any CPU.Deploy.0 = Release|Any CPU
		{F36AAC05-4C0A-4412-90BF-B97F6E40E93B}.Release|ARM.ActiveCfg = Release|Any CPU
		{F36AAC05-4C0A-4412-90BF-B97F6E40E93B}.Release|ARM.Build.0 = Release|Any CPU
		{F36AAC05-4C0A-4412-90BF-B97F6E40E93B}.Release|ARM.Deploy.0 = Release|Any CPU
		{F36AAC05-4C0A-4412-90BF-B97F6E40E93B}.Release|iPhone.ActiveCfg = Release|Any CPU
		{F36AAC05-4C0A-4412-90BF-B97F6E40E93B}.Release|iPhone.Build.0 = Release|Any CPU
		{F36AAC05-4C0A-4412-90BF-B97F6E40E93B}.Release|iPhone.Deploy.0 = Release|Any CPU
		{F36AAC05-4C0A-4412-90BF-B97F6E40E93B}.Release|iPhoneSimulator.ActiveCfg = Release|Any CPU
		{F36AAC05-4C0A-4412-90BF-B97F6E40E93B}.Release|iPhoneSimulator.Build.0 = Release|Any CPU
		{F36AAC05-4C0A-4412-90BF-B97F6E40E93B}.Release|iPhoneSimulator.Deploy.0 = Release|Any CPU
		{F36AAC05-4C0A-4412-90BF-B97F6E40E93B}.Release|x64.ActiveCfg = Release|Any CPU
		{F36AAC05-4C0A-4412-90BF-B97F6E40E93B}.Release|x64.Build.0 = Release|Any CPU
		{F36AAC05-4C0A-4412-90BF-B97F6E40E93B}.Release|x64.Deploy.0 = Release|Any CPU
		{F36AAC05-4C0A-4412-90BF-B97F6E40E93B}.Release|x86.ActiveCfg = Release|Any CPU
		{F36AAC05-4C0A-4412-90BF-B97F6E40E93B}.Release|x86.Build.0 = Release|Any CPU
		{F36AAC05-4C0A-4412-90BF-B97F6E40E93B}.Release|x86.Deploy.0 = Release|Any CPU
		{F1C7C8E6-17BD-42AB-9F03-494415FF6B4A}.Ad-Hoc|Any CPU.ActiveCfg = Ad-Hoc|iPhone
		{F1C7C8E6-17BD-42AB-9F03-494415FF6B4A}.Ad-Hoc|Any CPU.Build.0 = Ad-Hoc|iPhone
		{F1C7C8E6-17BD-42AB-9F03-494415FF6B4A}.Ad-Hoc|Any CPU.Deploy.0 = Ad-Hoc|iPhone
		{F1C7C8E6-17BD-42AB-9F03-494415FF6B4A}.Ad-Hoc|ARM.ActiveCfg = Ad-Hoc|iPhone
		{F1C7C8E6-17BD-42AB-9F03-494415FF6B4A}.Ad-Hoc|ARM.Build.0 = Ad-Hoc|iPhone
		{F1C7C8E6-17BD-42AB-9F03-494415FF6B4A}.Ad-Hoc|ARM.Deploy.0 = Ad-Hoc|iPhone
		{F1C7C8E6-17BD-42AB-9F03-494415FF6B4A}.Ad-Hoc|iPhone.ActiveCfg = Ad-Hoc|iPhone
		{F1C7C8E6-17BD-42AB-9F03-494415FF6B4A}.Ad-Hoc|iPhone.Build.0 = Ad-Hoc|iPhone
		{F1C7C8E6-17BD-42AB-9F03-494415FF6B4A}.Ad-Hoc|iPhone.Deploy.0 = Ad-Hoc|iPhone
		{F1C7C8E6-17BD-42AB-9F03-494415FF6B4A}.Ad-Hoc|iPhoneSimulator.ActiveCfg = Ad-Hoc|iPhoneSimulator
		{F1C7C8E6-17BD-42AB-9F03-494415FF6B4A}.Ad-Hoc|iPhoneSimulator.Build.0 = Ad-Hoc|iPhoneSimulator
		{F1C7C8E6-17BD-42AB-9F03-494415FF6B4A}.Ad-Hoc|iPhoneSimulator.Deploy.0 = Ad-Hoc|iPhoneSimulator
		{F1C7C8E6-17BD-42AB-9F03-494415FF6B4A}.Ad-Hoc|x64.ActiveCfg = Ad-Hoc|iPhone
		{F1C7C8E6-17BD-42AB-9F03-494415FF6B4A}.Ad-Hoc|x64.Build.0 = Ad-Hoc|iPhone
		{F1C7C8E6-17BD-42AB-9F03-494415FF6B4A}.Ad-Hoc|x64.Deploy.0 = Ad-Hoc|iPhone
		{F1C7C8E6-17BD-42AB-9F03-494415FF6B4A}.Ad-Hoc|x86.ActiveCfg = Ad-Hoc|iPhone
		{F1C7C8E6-17BD-42AB-9F03-494415FF6B4A}.Ad-Hoc|x86.Build.0 = Ad-Hoc|iPhone
		{F1C7C8E6-17BD-42AB-9F03-494415FF6B4A}.Ad-Hoc|x86.Deploy.0 = Ad-Hoc|iPhone
		{F1C7C8E6-17BD-42AB-9F03-494415FF6B4A}.AppStore|Any CPU.ActiveCfg = AppStore|iPhone
		{F1C7C8E6-17BD-42AB-9F03-494415FF6B4A}.AppStore|Any CPU.Build.0 = AppStore|iPhone
		{F1C7C8E6-17BD-42AB-9F03-494415FF6B4A}.AppStore|Any CPU.Deploy.0 = AppStore|iPhone
		{F1C7C8E6-17BD-42AB-9F03-494415FF6B4A}.AppStore|ARM.ActiveCfg = AppStore|iPhone
		{F1C7C8E6-17BD-42AB-9F03-494415FF6B4A}.AppStore|ARM.Build.0 = AppStore|iPhone
		{F1C7C8E6-17BD-42AB-9F03-494415FF6B4A}.AppStore|ARM.Deploy.0 = AppStore|iPhone
		{F1C7C8E6-17BD-42AB-9F03-494415FF6B4A}.AppStore|iPhone.ActiveCfg = AppStore|iPhone
		{F1C7C8E6-17BD-42AB-9F03-494415FF6B4A}.AppStore|iPhone.Build.0 = AppStore|iPhone
		{F1C7C8E6-17BD-42AB-9F03-494415FF6B4A}.AppStore|iPhone.Deploy.0 = AppStore|iPhone
		{F1C7C8E6-17BD-42AB-9F03-494415FF6B4A}.AppStore|iPhoneSimulator.ActiveCfg = AppStore|iPhoneSimulator
		{F1C7C8E6-17BD-42AB-9F03-494415FF6B4A}.AppStore|iPhoneSimulator.Build.0 = AppStore|iPhoneSimulator
		{F1C7C8E6-17BD-42AB-9F03-494415FF6B4A}.AppStore|iPhoneSimulator.Deploy.0 = AppStore|iPhoneSimulator
		{F1C7C8E6-17BD-42AB-9F03-494415FF6B4A}.AppStore|x64.ActiveCfg = AppStore|iPhone
		{F1C7C8E6-17BD-42AB-9F03-494415FF6B4A}.AppStore|x64.Build.0 = AppStore|iPhone
		{F1C7C8E6-17BD-42AB-9F03-494415FF6B4A}.AppStore|x64.Deploy.0 = AppStore|iPhone
		{F1C7C8E6-17BD-42AB-9F03-494415FF6B4A}.AppStore|x86.ActiveCfg = AppStore|iPhone
		{F1C7C8E6-17BD-42AB-9F03-494415FF6B4A}.AppStore|x86.Build.0 = AppStore|iPhone
		{F1C7C8E6-17BD-42AB-9F03-494415FF6B4A}.AppStore|x86.Deploy.0 = AppStore|iPhone
		{F1C7C8E6-17BD-42AB-9F03-494415FF6B4A}.Debug|Any CPU.ActiveCfg = Debug|iPhoneSimulator
		{F1C7C8E6-17BD-42AB-9F03-494415FF6B4A}.Debug|Any CPU.Build.0 = Debug|iPhoneSimulator
		{F1C7C8E6-17BD-42AB-9F03-494415FF6B4A}.Debug|Any CPU.Deploy.0 = Debug|iPhoneSimulator
		{F1C7C8E6-17BD-42AB-9F03-494415FF6B4A}.Debug|ARM.ActiveCfg = Debug|iPhone
		{F1C7C8E6-17BD-42AB-9F03-494415FF6B4A}.Debug|ARM.Build.0 = Debug|iPhone
		{F1C7C8E6-17BD-42AB-9F03-494415FF6B4A}.Debug|ARM.Deploy.0 = Debug|iPhone
		{F1C7C8E6-17BD-42AB-9F03-494415FF6B4A}.Debug|iPhone.ActiveCfg = Debug|iPhone
		{F1C7C8E6-17BD-42AB-9F03-494415FF6B4A}.Debug|iPhone.Build.0 = Debug|iPhone
		{F1C7C8E6-17BD-42AB-9F03-494415FF6B4A}.Debug|iPhone.Deploy.0 = Debug|iPhone
		{F1C7C8E6-17BD-42AB-9F03-494415FF6B4A}.Debug|iPhoneSimulator.ActiveCfg = Debug|iPhoneSimulator
		{F1C7C8E6-17BD-42AB-9F03-494415FF6B4A}.Debug|iPhoneSimulator.Build.0 = Debug|iPhoneSimulator
		{F1C7C8E6-17BD-42AB-9F03-494415FF6B4A}.Debug|iPhoneSimulator.Deploy.0 = Debug|iPhoneSimulator
		{F1C7C8E6-17BD-42AB-9F03-494415FF6B4A}.Debug|x64.ActiveCfg = Debug|iPhone
		{F1C7C8E6-17BD-42AB-9F03-494415FF6B4A}.Debug|x64.Build.0 = Debug|iPhone
		{F1C7C8E6-17BD-42AB-9F03-494415FF6B4A}.Debug|x64.Deploy.0 = Debug|iPhone
		{F1C7C8E6-17BD-42AB-9F03-494415FF6B4A}.Debug|x86.ActiveCfg = Debug|iPhone
		{F1C7C8E6-17BD-42AB-9F03-494415FF6B4A}.Debug|x86.Build.0 = Debug|iPhone
		{F1C7C8E6-17BD-42AB-9F03-494415FF6B4A}.Debug|x86.Deploy.0 = Debug|iPhone
		{F1C7C8E6-17BD-42AB-9F03-494415FF6B4A}.Release|Any CPU.ActiveCfg = Release|iPhone
		{F1C7C8E6-17BD-42AB-9F03-494415FF6B4A}.Release|Any CPU.Build.0 = Release|iPhone
		{F1C7C8E6-17BD-42AB-9F03-494415FF6B4A}.Release|Any CPU.Deploy.0 = Release|iPhone
		{F1C7C8E6-17BD-42AB-9F03-494415FF6B4A}.Release|ARM.ActiveCfg = Release|iPhone
		{F1C7C8E6-17BD-42AB-9F03-494415FF6B4A}.Release|ARM.Build.0 = Release|iPhone
		{F1C7C8E6-17BD-42AB-9F03-494415FF6B4A}.Release|ARM.Deploy.0 = Release|iPhone
		{F1C7C8E6-17BD-42AB-9F03-494415FF6B4A}.Release|iPhone.ActiveCfg = Release|iPhone
		{F1C7C8E6-17BD-42AB-9F03-494415FF6B4A}.Release|iPhone.Build.0 = Release|iPhone
		{F1C7C8E6-17BD-42AB-9F03-494415FF6B4A}.Release|iPhone.Deploy.0 = Release|iPhone
		{F1C7C8E6-17BD-42AB-9F03-494415FF6B4A}.Release|iPhoneSimulator.ActiveCfg = Release|iPhoneSimulator
		{F1C7C8E6-17BD-42AB-9F03-494415FF6B4A}.Release|iPhoneSimulator.Build.0 = Release|iPhoneSimulator
		{F1C7C8E6-17BD-42AB-9F03-494415FF6B4A}.Release|iPhoneSimulator.Deploy.0 = Release|iPhoneSimulator
		{F1C7C8E6-17BD-42AB-9F03-494415FF6B4A}.Release|x64.ActiveCfg = Release|iPhone
		{F1C7C8E6-17BD-42AB-9F03-494415FF6B4A}.Release|x64.Build.0 = Release|iPhone
		{F1C7C8E6-17BD-42AB-9F03-494415FF6B4A}.Release|x64.Deploy.0 = Release|iPhone
		{F1C7C8E6-17BD-42AB-9F03-494415FF6B4A}.Release|x86.ActiveCfg = Release|iPhone
		{F1C7C8E6-17BD-42AB-9F03-494415FF6B4A}.Release|x86.Build.0 = Release|iPhone
		{F1C7C8E6-17BD-42AB-9F03-494415FF6B4A}.Release|x86.Deploy.0 = Release|iPhone
		{5D9BC75C-30B1-4B7D-ACAA-BCB005B77932}.Ad-Hoc|Any CPU.ActiveCfg = Release|x86
		{5D9BC75C-30B1-4B7D-ACAA-BCB005B77932}.Ad-Hoc|Any CPU.Build.0 = Release|x86
		{5D9BC75C-30B1-4B7D-ACAA-BCB005B77932}.Ad-Hoc|Any CPU.Deploy.0 = Release|x86
		{5D9BC75C-30B1-4B7D-ACAA-BCB005B77932}.Ad-Hoc|ARM.ActiveCfg = Release|ARM
		{5D9BC75C-30B1-4B7D-ACAA-BCB005B77932}.Ad-Hoc|ARM.Build.0 = Release|ARM
		{5D9BC75C-30B1-4B7D-ACAA-BCB005B77932}.Ad-Hoc|ARM.Deploy.0 = Release|ARM
		{5D9BC75C-30B1-4B7D-ACAA-BCB005B77932}.Ad-Hoc|iPhone.ActiveCfg = Release|x86
		{5D9BC75C-30B1-4B7D-ACAA-BCB005B77932}.Ad-Hoc|iPhone.Build.0 = Release|x86
		{5D9BC75C-30B1-4B7D-ACAA-BCB005B77932}.Ad-Hoc|iPhone.Deploy.0 = Release|x86
		{5D9BC75C-30B1-4B7D-ACAA-BCB005B77932}.Ad-Hoc|iPhoneSimulator.ActiveCfg = Release|x86
		{5D9BC75C-30B1-4B7D-ACAA-BCB005B77932}.Ad-Hoc|iPhoneSimulator.Build.0 = Release|x86
		{5D9BC75C-30B1-4B7D-ACAA-BCB005B77932}.Ad-Hoc|iPhoneSimulator.Deploy.0 = Release|x86
		{5D9BC75C-30B1-4B7D-ACAA-BCB005B77932}.Ad-Hoc|x64.ActiveCfg = Release|x64
		{5D9BC75C-30B1-4B7D-ACAA-BCB005B77932}.Ad-Hoc|x64.Build.0 = Release|x64
		{5D9BC75C-30B1-4B7D-ACAA-BCB005B77932}.Ad-Hoc|x64.Deploy.0 = Release|x64
		{5D9BC75C-30B1-4B7D-ACAA-BCB005B77932}.Ad-Hoc|x86.ActiveCfg = Release|x86
		{5D9BC75C-30B1-4B7D-ACAA-BCB005B77932}.Ad-Hoc|x86.Build.0 = Release|x86
		{5D9BC75C-30B1-4B7D-ACAA-BCB005B77932}.Ad-Hoc|x86.Deploy.0 = Release|x86
		{5D9BC75C-30B1-4B7D-ACAA-BCB005B77932}.AppStore|Any CPU.ActiveCfg = Release|x86
		{5D9BC75C-30B1-4B7D-ACAA-BCB005B77932}.AppStore|Any CPU.Build.0 = Release|x86
		{5D9BC75C-30B1-4B7D-ACAA-BCB005B77932}.AppStore|Any CPU.Deploy.0 = Release|x86
		{5D9BC75C-30B1-4B7D-ACAA-BCB005B77932}.AppStore|ARM.ActiveCfg = Release|ARM
		{5D9BC75C-30B1-4B7D-ACAA-BCB005B77932}.AppStore|ARM.Build.0 = Release|ARM
		{5D9BC75C-30B1-4B7D-ACAA-BCB005B77932}.AppStore|ARM.Deploy.0 = Release|ARM
		{5D9BC75C-30B1-4B7D-ACAA-BCB005B77932}.AppStore|iPhone.ActiveCfg = Release|x86
		{5D9BC75C-30B1-4B7D-ACAA-BCB005B77932}.AppStore|iPhone.Build.0 = Release|x86
		{5D9BC75C-30B1-4B7D-ACAA-BCB005B77932}.AppStore|iPhone.Deploy.0 = Release|x86
		{5D9BC75C-30B1-4B7D-ACAA-BCB005B77932}.AppStore|iPhoneSimulator.ActiveCfg = Release|x86
		{5D9BC75C-30B1-4B7D-ACAA-BCB005B77932}.AppStore|iPhoneSimulator.Build.0 = Release|x86
		{5D9BC75C-30B1-4B7D-ACAA-BCB005B77932}.AppStore|iPhoneSimulator.Deploy.0 = Release|x86
		{5D9BC75C-30B1-4B7D-ACAA-BCB005B77932}.AppStore|x64.ActiveCfg = Release|x64
		{5D9BC75C-30B1-4B7D-ACAA-BCB005B77932}.AppStore|x64.Build.0 = Release|x64
		{5D9BC75C-30B1-4B7D-ACAA-BCB005B77932}.AppStore|x64.Deploy.0 = Release|x64
		{5D9BC75C-30B1-4B7D-ACAA-BCB005B77932}.AppStore|x86.ActiveCfg = Release|x86
		{5D9BC75C-30B1-4B7D-ACAA-BCB005B77932}.AppStore|x86.Build.0 = Release|x86
		{5D9BC75C-30B1-4B7D-ACAA-BCB005B77932}.AppStore|x86.Deploy.0 = Release|x86
		{5D9BC75C-30B1-4B7D-ACAA-BCB005B77932}.Debug|Any CPU.ActiveCfg = Debug|x86
		{5D9BC75C-30B1-4B7D-ACAA-BCB005B77932}.Debug|Any CPU.Build.0 = Debug|x86
		{5D9BC75C-30B1-4B7D-ACAA-BCB005B77932}.Debug|Any CPU.Deploy.0 = Debug|x86
		{5D9BC75C-30B1-4B7D-ACAA-BCB005B77932}.Debug|ARM.ActiveCfg = Debug|ARM
		{5D9BC75C-30B1-4B7D-ACAA-BCB005B77932}.Debug|ARM.Build.0 = Debug|ARM
		{5D9BC75C-30B1-4B7D-ACAA-BCB005B77932}.Debug|ARM.Deploy.0 = Debug|ARM
		{5D9BC75C-30B1-4B7D-ACAA-BCB005B77932}.Debug|iPhone.ActiveCfg = Debug|x86
		{5D9BC75C-30B1-4B7D-ACAA-BCB005B77932}.Debug|iPhone.Build.0 = Debug|x86
		{5D9BC75C-30B1-4B7D-ACAA-BCB005B77932}.Debug|iPhone.Deploy.0 = Debug|x86
		{5D9BC75C-30B1-4B7D-ACAA-BCB005B77932}.Debug|iPhoneSimulator.ActiveCfg = Debug|x86
		{5D9BC75C-30B1-4B7D-ACAA-BCB005B77932}.Debug|iPhoneSimulator.Build.0 = Debug|x86
		{5D9BC75C-30B1-4B7D-ACAA-BCB005B77932}.Debug|iPhoneSimulator.Deploy.0 = Debug|x86
		{5D9BC75C-30B1-4B7D-ACAA-BCB005B77932}.Debug|x64.ActiveCfg = Debug|x64
		{5D9BC75C-30B1-4B7D-ACAA-BCB005B77932}.Debug|x64.Build.0 = Debug|x64
		{5D9BC75C-30B1-4B7D-ACAA-BCB005B77932}.Debug|x64.Deploy.0 = Debug|x64
		{5D9BC75C-30B1-4B7D-ACAA-BCB005B77932}.Debug|x86.ActiveCfg = Debug|x86
		{5D9BC75C-30B1-4B7D-ACAA-BCB005B77932}.Debug|x86.Build.0 = Debug|x86
		{5D9BC75C-30B1-4B7D-ACAA-BCB005B77932}.Debug|x86.Deploy.0 = Debug|x86
		{5D9BC75C-30B1-4B7D-ACAA-BCB005B77932}.Release|Any CPU.ActiveCfg = Release|x86
		{5D9BC75C-30B1-4B7D-ACAA-BCB005B77932}.Release|Any CPU.Build.0 = Release|x86
		{5D9BC75C-30B1-4B7D-ACAA-BCB005B77932}.Release|Any CPU.Deploy.0 = Release|x86
		{5D9BC75C-30B1-4B7D-ACAA-BCB005B77932}.Release|ARM.ActiveCfg = Release|ARM
		{5D9BC75C-30B1-4B7D-ACAA-BCB005B77932}.Release|ARM.Build.0 = Release|ARM
		{5D9BC75C-30B1-4B7D-ACAA-BCB005B77932}.Release|ARM.Deploy.0 = Release|ARM
		{5D9BC75C-30B1-4B7D-ACAA-BCB005B77932}.Release|iPhone.ActiveCfg = Release|x86
		{5D9BC75C-30B1-4B7D-ACAA-BCB005B77932}.Release|iPhone.Build.0 = Release|x86
		{5D9BC75C-30B1-4B7D-ACAA-BCB005B77932}.Release|iPhone.Deploy.0 = Release|x86
		{5D9BC75C-30B1-4B7D-ACAA-BCB005B77932}.Release|iPhoneSimulator.ActiveCfg = Release|x86
		{5D9BC75C-30B1-4B7D-ACAA-BCB005B77932}.Release|iPhoneSimulator.Build.0 = Release|x86
		{5D9BC75C-30B1-4B7D-ACAA-BCB005B77932}.Release|iPhoneSimulator.Deploy.0 = Release|x86
		{5D9BC75C-30B1-4B7D-ACAA-BCB005B77932}.Release|x64.ActiveCfg = Release|x64
		{5D9BC75C-30B1-4B7D-ACAA-BCB005B77932}.Release|x64.Build.0 = Release|x64
		{5D9BC75C-30B1-4B7D-ACAA-BCB005B77932}.Release|x64.Deploy.0 = Release|x64
		{5D9BC75C-30B1-4B7D-ACAA-BCB005B77932}.Release|x86.ActiveCfg = Release|x86
		{5D9BC75C-30B1-4B7D-ACAA-BCB005B77932}.Release|x86.Build.0 = Release|x86
		{5D9BC75C-30B1-4B7D-ACAA-BCB005B77932}.Release|x86.Deploy.0 = Release|x86
		{AD7DA9EA-5356-4A89-85DA-73AEA0ACC9E6}.Ad-Hoc|Any CPU.ActiveCfg = Debug|Any CPU
		{AD7DA9EA-5356-4A89-85DA-73AEA0ACC9E6}.Ad-Hoc|Any CPU.Build.0 = Debug|Any CPU
		{AD7DA9EA-5356-4A89-85DA-73AEA0ACC9E6}.Ad-Hoc|Any CPU.Deploy.0 = Debug|Any CPU
		{AD7DA9EA-5356-4A89-85DA-73AEA0ACC9E6}.Ad-Hoc|ARM.ActiveCfg = Debug|Any CPU
		{AD7DA9EA-5356-4A89-85DA-73AEA0ACC9E6}.Ad-Hoc|ARM.Build.0 = Debug|Any CPU
		{AD7DA9EA-5356-4A89-85DA-73AEA0ACC9E6}.Ad-Hoc|ARM.Deploy.0 = Debug|Any CPU
		{AD7DA9EA-5356-4A89-85DA-73AEA0ACC9E6}.Ad-Hoc|iPhone.ActiveCfg = Debug|Any CPU
		{AD7DA9EA-5356-4A89-85DA-73AEA0ACC9E6}.Ad-Hoc|iPhone.Build.0 = Debug|Any CPU
		{AD7DA9EA-5356-4A89-85DA-73AEA0ACC9E6}.Ad-Hoc|iPhone.Deploy.0 = Debug|Any CPU
		{AD7DA9EA-5356-4A89-85DA-73AEA0ACC9E6}.Ad-Hoc|iPhoneSimulator.ActiveCfg = Debug|Any CPU
		{AD7DA9EA-5356-4A89-85DA-73AEA0ACC9E6}.Ad-Hoc|iPhoneSimulator.Build.0 = Debug|Any CPU
		{AD7DA9EA-5356-4A89-85DA-73AEA0ACC9E6}.Ad-Hoc|iPhoneSimulator.Deploy.0 = Debug|Any CPU
		{AD7DA9EA-5356-4A89-85DA-73AEA0ACC9E6}.Ad-Hoc|x64.ActiveCfg = Debug|Any CPU
		{AD7DA9EA-5356-4A89-85DA-73AEA0ACC9E6}.Ad-Hoc|x64.Build.0 = Debug|Any CPU
		{AD7DA9EA-5356-4A89-85DA-73AEA0ACC9E6}.Ad-Hoc|x64.Deploy.0 = Debug|Any CPU
		{AD7DA9EA-5356-4A89-85DA-73AEA0ACC9E6}.Ad-Hoc|x86.ActiveCfg = Debug|Any CPU
		{AD7DA9EA-5356-4A89-85DA-73AEA0ACC9E6}.Ad-Hoc|x86.Build.0 = Debug|Any CPU
		{AD7DA9EA-5356-4A89-85DA-73AEA0ACC9E6}.Ad-Hoc|x86.Deploy.0 = Debug|Any CPU
		{AD7DA9EA-5356-4A89-85DA-73AEA0ACC9E6}.AppStore|Any CPU.ActiveCfg = Debug|Any CPU
		{AD7DA9EA-5356-4A89-85DA-73AEA0ACC9E6}.AppStore|Any CPU.Build.0 = Debug|Any CPU
		{AD7DA9EA-5356-4A89-85DA-73AEA0ACC9E6}.AppStore|Any CPU.Deploy.0 = Debug|Any CPU
		{AD7DA9EA-5356-4A89-85DA-73AEA0ACC9E6}.AppStore|ARM.ActiveCfg = Debug|Any CPU
		{AD7DA9EA-5356-4A89-85DA-73AEA0ACC9E6}.AppStore|ARM.Build.0 = Debug|Any CPU
		{AD7DA9EA-5356-4A89-85DA-73AEA0ACC9E6}.AppStore|ARM.Deploy.0 = Debug|Any CPU
		{AD7DA9EA-5356-4A89-85DA-73AEA0ACC9E6}.AppStore|iPhone.ActiveCfg = Debug|Any CPU
		{AD7DA9EA-5356-4A89-85DA-73AEA0ACC9E6}.AppStore|iPhone.Build.0 = Debug|Any CPU
		{AD7DA9EA-5356-4A89-85DA-73AEA0ACC9E6}.AppStore|iPhone.Deploy.0 = Debug|Any CPU
		{AD7DA9EA-5356-4A89-85DA-73AEA0ACC9E6}.AppStore|iPhoneSimulator.ActiveCfg = Debug|Any CPU
		{AD7DA9EA-5356-4A89-85DA-73AEA0ACC9E6}.AppStore|iPhoneSimulator.Build.0 = Debug|Any CPU
		{AD7DA9EA-5356-4A89-85DA-73AEA0ACC9E6}.AppStore|iPhoneSimulator.Deploy.0 = Debug|Any CPU
		{AD7DA9EA-5356-4A89-85DA-73AEA0ACC9E6}.AppStore|x64.ActiveCfg = Debug|Any CPU
		{AD7DA9EA-5356-4A89-85DA-73AEA0ACC9E6}.AppStore|x64.Build.0 = Debug|Any CPU
		{AD7DA9EA-5356-4A89-85DA-73AEA0ACC9E6}.AppStore|x64.Deploy.0 = Debug|Any CPU
		{AD7DA9EA-5356-4A89-85DA-73AEA0ACC9E6}.AppStore|x86.ActiveCfg = Debug|Any CPU
		{AD7DA9EA-5356-4A89-85DA-73AEA0ACC9E6}.AppStore|x86.Build.0 = Debug|Any CPU
		{AD7DA9EA-5356-4A89-85DA-73AEA0ACC9E6}.AppStore|x86.Deploy.0 = Debug|Any CPU
		{AD7DA9EA-5356-4A89-85DA-73AEA0ACC9E6}.Debug|Any CPU.ActiveCfg = Debug|Any CPU
		{AD7DA9EA-5356-4A89-85DA-73AEA0ACC9E6}.Debug|Any CPU.Build.0 = Debug|Any CPU
		{AD7DA9EA-5356-4A89-85DA-73AEA0ACC9E6}.Debug|Any CPU.Deploy.0 = Debug|Any CPU
		{AD7DA9EA-5356-4A89-85DA-73AEA0ACC9E6}.Debug|ARM.ActiveCfg = Debug|Any CPU
		{AD7DA9EA-5356-4A89-85DA-73AEA0ACC9E6}.Debug|ARM.Build.0 = Debug|Any CPU
		{AD7DA9EA-5356-4A89-85DA-73AEA0ACC9E6}.Debug|ARM.Deploy.0 = Debug|Any CPU
		{AD7DA9EA-5356-4A89-85DA-73AEA0ACC9E6}.Debug|iPhone.ActiveCfg = Debug|Any CPU
		{AD7DA9EA-5356-4A89-85DA-73AEA0ACC9E6}.Debug|iPhone.Build.0 = Debug|Any CPU
		{AD7DA9EA-5356-4A89-85DA-73AEA0ACC9E6}.Debug|iPhone.Deploy.0 = Debug|Any CPU
		{AD7DA9EA-5356-4A89-85DA-73AEA0ACC9E6}.Debug|iPhoneSimulator.ActiveCfg = Debug|Any CPU
		{AD7DA9EA-5356-4A89-85DA-73AEA0ACC9E6}.Debug|iPhoneSimulator.Build.0 = Debug|Any CPU
		{AD7DA9EA-5356-4A89-85DA-73AEA0ACC9E6}.Debug|iPhoneSimulator.Deploy.0 = Debug|Any CPU
		{AD7DA9EA-5356-4A89-85DA-73AEA0ACC9E6}.Debug|x64.ActiveCfg = Debug|Any CPU
		{AD7DA9EA-5356-4A89-85DA-73AEA0ACC9E6}.Debug|x64.Build.0 = Debug|Any CPU
		{AD7DA9EA-5356-4A89-85DA-73AEA0ACC9E6}.Debug|x64.Deploy.0 = Debug|Any CPU
		{AD7DA9EA-5356-4A89-85DA-73AEA0ACC9E6}.Debug|x86.ActiveCfg = Debug|Any CPU
		{AD7DA9EA-5356-4A89-85DA-73AEA0ACC9E6}.Debug|x86.Build.0 = Debug|Any CPU
		{AD7DA9EA-5356-4A89-85DA-73AEA0ACC9E6}.Debug|x86.Deploy.0 = Debug|Any CPU
		{AD7DA9EA-5356-4A89-85DA-73AEA0ACC9E6}.Release|Any CPU.ActiveCfg = Release|Any CPU
		{AD7DA9EA-5356-4A89-85DA-73AEA0ACC9E6}.Release|Any CPU.Build.0 = Release|Any CPU
		{AD7DA9EA-5356-4A89-85DA-73AEA0ACC9E6}.Release|Any CPU.Deploy.0 = Release|Any CPU
		{AD7DA9EA-5356-4A89-85DA-73AEA0ACC9E6}.Release|ARM.ActiveCfg = Release|Any CPU
		{AD7DA9EA-5356-4A89-85DA-73AEA0ACC9E6}.Release|ARM.Build.0 = Release|Any CPU
		{AD7DA9EA-5356-4A89-85DA-73AEA0ACC9E6}.Release|ARM.Deploy.0 = Release|Any CPU
		{AD7DA9EA-5356-4A89-85DA-73AEA0ACC9E6}.Release|iPhone.ActiveCfg = Release|Any CPU
		{AD7DA9EA-5356-4A89-85DA-73AEA0ACC9E6}.Release|iPhone.Build.0 = Release|Any CPU
		{AD7DA9EA-5356-4A89-85DA-73AEA0ACC9E6}.Release|iPhone.Deploy.0 = Release|Any CPU
		{AD7DA9EA-5356-4A89-85DA-73AEA0ACC9E6}.Release|iPhoneSimulator.ActiveCfg = Release|Any CPU
		{AD7DA9EA-5356-4A89-85DA-73AEA0ACC9E6}.Release|iPhoneSimulator.Build.0 = Release|Any CPU
		{AD7DA9EA-5356-4A89-85DA-73AEA0ACC9E6}.Release|iPhoneSimulator.Deploy.0 = Release|Any CPU
		{AD7DA9EA-5356-4A89-85DA-73AEA0ACC9E6}.Release|x64.ActiveCfg = Release|Any CPU
		{AD7DA9EA-5356-4A89-85DA-73AEA0ACC9E6}.Release|x64.Build.0 = Release|Any CPU
		{AD7DA9EA-5356-4A89-85DA-73AEA0ACC9E6}.Release|x64.Deploy.0 = Release|Any CPU
		{AD7DA9EA-5356-4A89-85DA-73AEA0ACC9E6}.Release|x86.ActiveCfg = Release|Any CPU
		{AD7DA9EA-5356-4A89-85DA-73AEA0ACC9E6}.Release|x86.Build.0 = Release|Any CPU
		{AD7DA9EA-5356-4A89-85DA-73AEA0ACC9E6}.Release|x86.Deploy.0 = Release|Any CPU
	EndGlobalSection
	GlobalSection(SolutionProperties) = preSolution
		HideSolutionNode = FALSE
	EndGlobalSection
	GlobalSection(ExtensibilityGlobals) = postSolution
		SolutionGuid = {D8B708C7-E73C-4851-9064-C04920B4A475}
	EndGlobalSection
EndGlobal
